{
  "name": "@ham2k/qson-adif",
  "version": "0.0.1",
  "lockfileVersion": 2,
  "requires": true,
  "packages": {
    "": {
      "name": "@ham2k/qson-adif",
      "version": "0.0.1",
      "dependencies": {
        "adif-parser-ts": "^0.4.55"
      }
    },
    "node_modules/adif-parser-ts": {
      "version": "0.4.55",
      "resolved": "https://registry.npmjs.org/adif-parser-ts/-/adif-parser-ts-0.4.55.tgz",
      "integrity": "sha512-F6SX47AUQ0KfBJVxiV85Fq5sYs5kwIgpqQsLQBI+d1aOoAFBcPD/XYNBcxLUVSACrFLWecID1lAg05FwykLh1g==",
      "engines": {
        "node": ">=14.0.0",
        "npm": ">7.0.0"
      }
    }
  },
  "dependencies": {
    "adif-parser-ts": {
      "version": "0.4.55",
      "resolved": "https://registry.npmjs.org/adif-parser-ts/-/adif-parser-ts-0.4.55.tgz",
      "integrity": "sha512-F6SX47AUQ0KfBJVxiV85Fq5sYs5kwIgpqQsLQBI+d1aOoAFBcPD/XYNBcxLUVSACrFLWecID1lAg05FwykLh1g=="
    }
  }
}
